
Microsoft Visual Studio Solution File, Format Version 11.00
# Visual Studio 2010
Project("{FAE04EC0-301F-11D3-BF4B-00C04F79EFBC}") = "BFuck.Runtime", "BFuck.Runtime\BFuck.Runtime.csproj", "{D2C2DE06-5F45-473E-AB08-4BAB8A592B4F}"
EndProject
Global
	GlobalSection(SolutionConfigurationPlatforms) = preSolution
		Debug|Any CPU = Debug|Any CPU
		Release|Any CPU = Release|Any CPU
	EndGlobalSection
	GlobalSection(ProjectConfigurationPlatforms) = postSolution
		{D2C2DE06-5F45-473E-AB08-4BAB8A592B4F}.Debug|Any CPU.ActiveCfg = Debug|Any CPU
		{D2C2DE06-5F45-473E-AB08-4BAB8A592B4F}.Debug|Any CPU.Build.0 = Debug|Any CPU
		{D2C2DE06-5F45-473E-AB08-4BAB8A592B4F}.Release|Any CPU.ActiveCfg = Release|Any CPU
		{D2C2DE06-5F45-473E-AB08-4BAB8A592B4F}.Release|Any CPU.Build.0 = Release|Any CPU
	EndGlobalSection
	GlobalSection(SolutionProperties) = preSolution
		HideSolutionNode = FALSE
	EndGlobalSection
EndGlobal
